
Microsoft Visual Studio Solution File, Format Version 12.00
# Visual Studio 2013
VisualStudioVersion = 12.0.40629.0
MinimumVisualStudioVersion = 10.0.40219.1
Project("{2150E333-8FDC-42A3-9474-1A3956D46DE8}") = "simulator", "simulator", "{3E6996FF-807F-4F9D-8C72-932EE398B6A1}"
EndProject
Project("{2150E333-8FDC-42A3-9474-1A3956D46DE8}") = "DNP3", "DNP3", "{3FFDA7A5-5925-4644-9B43-9C118DA6FFE5}"
EndProject
Project("{FAE04EC0-301F-11D3-BF4B-00C04F79EFBC}") = "Commons", "Simulator\Commons\Commons.csproj", "{67C09F7A-3DD4-4C02-AA3B-6882FB6EA816}"
EndProject
Project("{FAE04EC0-301F-11D3-BF4B-00C04F79EFBC}") = "SimulatorUI", "Simulator\SimulatorUI\SimulatorUI.csproj", "{428DDB1F-13F8-401C-AA0E-F0B80AF1FC00}"
EndProject
Project("{FAE04EC0-301F-11D3-BF4B-00C04F79EFBC}") = "ModuleAPI", "Simulator\SimulatorAPI\ModuleAPI.csproj", "{6A19318B-8CC5-4BC8-8E80-412180C420A5}"
EndProject
Project("{FAE04EC0-301F-11D3-BF4B-00C04F79EFBC}") = "DNP3PluginAPI", "Simulator\DNP3\DNP3PluginAPI\DNP3PluginAPI.csproj", "{A392B2A4-F62E-442C-813E-6B7F4BF63459}"
EndProject
Project("{FAE04EC0-301F-11D3-BF4B-00C04F79EFBC}") = "DefaultOutstationPlugin", "Simulator\DNP3\DefaultOutstationPlugin\DefaultOutstationPlugin.csproj", "{1ABC9A1A-6026-4803-BAB4-C1190375A531}"
EndProject
Project("{FAE04EC0-301F-11D3-BF4B-00C04F79EFBC}") = "RelayOutstationPlugin", "Simulator\DNP3\RelayOutstationPlugin\RelayOutstationPlugin.csproj", "{2026D7BF-FB7C-49A8-882F-46122B2A5D7D}"
EndProject
Project("{FAE04EC0-301F-11D3-BF4B-00C04F79EFBC}") = "DNP3Commons", "Simulator\DNP3\DNP3Commons\DNP3Commons.csproj", "{BF90D749-22FB-49FD-B840-4FF875D12CC6}"
EndProject
Project("{FAE04EC0-301F-11D3-BF4B-00C04F79EFBC}") = "DNP3Module", "Simulator\DNP3\DNP3Simulator\DNP3Module.csproj", "{2EDBD258-1A19-4527-9C92-7418191BEE87}"
EndProject
Project("{FAE04EC0-301F-11D3-BF4B-00C04F79EFBC}") = "Simulator", "Simulator\Simulator\Simulator.csproj", "{9850AA24-6847-4611-81DA-6F04F92B3400}"
EndProject
Global
	GlobalSection(SolutionConfigurationPlatforms) = preSolution
		Debug|Any CPU = Debug|Any CPU
		Debug|x86 = Debug|x86
		Release|Any CPU = Release|Any CPU
		Release|x86 = Release|x86
	EndGlobalSection
	GlobalSection(ProjectConfigurationPlatforms) = postSolution
		{67C09F7A-3DD4-4C02-AA3B-6882FB6EA816}.Debug|Any CPU.ActiveCfg = Debug|x86
		{67C09F7A-3DD4-4C02-AA3B-6882FB6EA816}.Debug|Any CPU.Build.0 = Debug|x86
		{67C09F7A-3DD4-4C02-AA3B-6882FB6EA816}.Debug|x86.ActiveCfg = Debug|Any CPU
		{67C09F7A-3DD4-4C02-AA3B-6882FB6EA816}.Debug|x86.Build.0 = Debug|Any CPU
		{67C09F7A-3DD4-4C02-AA3B-6882FB6EA816}.Release|Any CPU.ActiveCfg = Release|x86
		{67C09F7A-3DD4-4C02-AA3B-6882FB6EA816}.Release|Any CPU.Build.0 = Release|x86
		{67C09F7A-3DD4-4C02-AA3B-6882FB6EA816}.Release|x86.ActiveCfg = Release|Any CPU
		{67C09F7A-3DD4-4C02-AA3B-6882FB6EA816}.Release|x86.Build.0 = Release|Any CPU
		{428DDB1F-13F8-401C-AA0E-F0B80AF1FC00}.Debug|Any CPU.ActiveCfg = Debug|x86
		{428DDB1F-13F8-401C-AA0E-F0B80AF1FC00}.Debug|Any CPU.Build.0 = Debug|x86
		{428DDB1F-13F8-401C-AA0E-F0B80AF1FC00}.Debug|x86.ActiveCfg = Debug|Any CPU
		{428DDB1F-13F8-401C-AA0E-F0B80AF1FC00}.Debug|x86.Build.0 = Debug|Any CPU
		{428DDB1F-13F8-401C-AA0E-F0B80AF1FC00}.Release|Any CPU.ActiveCfg = Release|x86
		{428DDB1F-13F8-401C-AA0E-F0B80AF1FC00}.Release|Any CPU.Build.0 = Release|x86
		{428DDB1F-13F8-401C-AA0E-F0B80AF1FC00}.Release|x86.ActiveCfg = Release|Any CPU
		{428DDB1F-13F8-401C-AA0E-F0B80AF1FC00}.Release|x86.Build.0 = Release|Any CPU
		{6A19318B-8CC5-4BC8-8E80-412180C420A5}.Debug|Any CPU.ActiveCfg = Debug|x86
		{6A19318B-8CC5-4BC8-8E80-412180C420A5}.Debug|Any CPU.Build.0 = Debug|x86
		{6A19318B-8CC5-4BC8-8E80-412180C420A5}.Debug|x86.ActiveCfg = Debug|Any CPU
		{6A19318B-8CC5-4BC8-8E80-412180C420A5}.Debug|x86.Build.0 = Debug|Any CPU
		{6A19318B-8CC5-4BC8-8E80-412180C420A5}.Release|Any CPU.ActiveCfg = Release|x86
		{6A19318B-8CC5-4BC8-8E80-412180C420A5}.Release|Any CPU.Build.0 = Release|x86
		{6A19318B-8CC5-4BC8-8E80-412180C420A5}.Release|x86.ActiveCfg = Release|Any CPU
		{6A19318B-8CC5-4BC8-8E80-412180C420A5}.Release|x86.Build.0 = Release|Any CPU
		{A392B2A4-F62E-442C-813E-6B7F4BF63459}.Debug|Any CPU.ActiveCfg = Debug|x86
		{A392B2A4-F62E-442C-813E-6B7F4BF63459}.Debug|Any CPU.Build.0 = Debug|x86
		{A392B2A4-F62E-442C-813E-6B7F4BF63459}.Debug|x86.ActiveCfg = Debug|Any CPU
		{A392B2A4-F62E-442C-813E-6B7F4BF63459}.Debug|x86.Build.0 = Debug|Any CPU
		{A392B2A4-F62E-442C-813E-6B7F4BF63459}.Release|Any CPU.ActiveCfg = Release|x86
		{A392B2A4-F62E-442C-813E-6B7F4BF63459}.Release|Any CPU.Build.0 = Release|x86
		{A392B2A4-F62E-442C-813E-6B7F4BF63459}.Release|x86.ActiveCfg = Release|Any CPU
		{A392B2A4-F62E-442C-813E-6B7F4BF63459}.Release|x86.Build.0 = Release|Any CPU
		{1ABC9A1A-6026-4803-BAB4-C1190375A531}.Debug|Any CPU.ActiveCfg = Debug|x86
		{1ABC9A1A-6026-4803-BAB4-C1190375A531}.Debug|Any CPU.Build.0 = Debug|x86
		{1ABC9A1A-6026-4803-BAB4-C1190375A531}.Debug|x86.ActiveCfg = Debug|Any CPU
		{1ABC9A1A-6026-4803-BAB4-C1190375A531}.Debug|x86.Build.0 = Debug|Any CPU
		{1ABC9A1A-6026-4803-BAB4-C1190375A531}.Release|Any CPU.ActiveCfg = Release|x86
		{1ABC9A1A-6026-4803-BAB4-C1190375A531}.Release|Any CPU.Build.0 = Release|x86
		{1ABC9A1A-6026-4803-BAB4-C1190375A531}.Release|x86.ActiveCfg = Release|Any CPU
		{1ABC9A1A-6026-4803-BAB4-C1190375A531}.Release|x86.Build.0 = Release|Any CPU
		{2026D7BF-FB7C-49A8-882F-46122B2A5D7D}.Debug|Any CPU.ActiveCfg = Debug|x86
		{2026D7BF-FB7C-49A8-882F-46122B2A5D7D}.Debug|Any CPU.Build.0 = Debug|x86
		{2026D7BF-FB7C-49A8-882F-46122B2A5D7D}.Debug|x86.ActiveCfg = Debug|Any CPU
		{2026D7BF-FB7C-49A8-882F-46122B2A5D7D}.Debug|x86.Build.0 = Debug|Any CPU
		{2026D7BF-FB7C-49A8-882F-46122B2A5D7D}.Release|Any CPU.ActiveCfg = Release|x86
		{2026D7BF-FB7C-49A8-882F-46122B2A5D7D}.Release|Any CPU.Build.0 = Release|x86
		{2026D7BF-FB7C-49A8-882F-46122B2A5D7D}.Release|x86.ActiveCfg = Release|Any CPU
		{2026D7BF-FB7C-49A8-882F-46122B2A5D7D}.Release|x86.Build.0 = Release|Any CPU
		{BF90D749-22FB-49FD-B840-4FF875D12CC6}.Debug|Any CPU.ActiveCfg = Debug|x86
		{BF90D749-22FB-49FD-B840-4FF875D12CC6}.Debug|Any CPU.Build.0 = Debug|x86
		{BF90D749-22FB-49FD-B840-4FF875D12CC6}.Debug|x86.ActiveCfg = Debug|Any CPU
		{BF90D749-22FB-49FD-B840-4FF875D12CC6}.Debug|x86.Build.0 = Debug|Any CPU
		{BF90D749-22FB-49FD-B840-4FF875D12CC6}.Release|Any CPU.ActiveCfg = Release|x86
		{BF90D749-22FB-49FD-B840-4FF875D12CC6}.Release|Any CPU.Build.0 = Release|x86
		{BF90D749-22FB-49FD-B840-4FF875D12CC6}.Release|x86.ActiveCfg = Release|Any CPU
		{BF90D749-22FB-49FD-B840-4FF875D12CC6}.Release|x86.Build.0 = Release|Any CPU
		{2EDBD258-1A19-4527-9C92-7418191BEE87}.Debug|Any CPU.ActiveCfg = Debug|x86
		{2EDBD258-1A19-4527-9C92-7418191BEE87}.Debug|Any CPU.Build.0 = Debug|x86
		{2EDBD258-1A19-4527-9C92-7418191BEE87}.Debug|x86.ActiveCfg = Debug|x86
		{2EDBD258-1A19-4527-9C92-7418191BEE87}.Debug|x86.Build.0 = Debug|x86
		{2EDBD258-1A19-4527-9C92-7418191BEE87}.Release|Any CPU.ActiveCfg = Release|x86
		{2EDBD258-1A19-4527-9C92-7418191BEE87}.Release|Any CPU.Build.0 = Release|x86
		{2EDBD258-1A19-4527-9C92-7418191BEE87}.Release|x86.ActiveCfg = Release|x86
		{2EDBD258-1A19-4527-9C92-7418191BEE87}.Release|x86.Build.0 = Release|x86
		{9850AA24-6847-4611-81DA-6F04F92B3400}.Debug|Any CPU.ActiveCfg = Debug|x86
		{9850AA24-6847-4611-81DA-6F04F92B3400}.Debug|Any CPU.Build.0 = Debug|x86
		{9850AA24-6847-4611-81DA-6F04F92B3400}.Debug|x86.ActiveCfg = Debug|x86
		{9850AA24-6847-4611-81DA-6F04F92B3400}.Debug|x86.Build.0 = Debug|x86
		{9850AA24-6847-4611-81DA-6F04F92B3400}.Release|Any CPU.ActiveCfg = Release|x86
		{9850AA24-6847-4611-81DA-6F04F92B3400}.Release|Any CPU.Build.0 = Release|x86
		{9850AA24-6847-4611-81DA-6F04F92B3400}.Release|x86.ActiveCfg = Release|x86
		{9850AA24-6847-4611-81DA-6F04F92B3400}.Release|x86.Build.0 = Release|x86
	EndGlobalSection
	GlobalSection(SolutionProperties) = preSolution
		HideSolutionNode = FALSE
	EndGlobalSection
	GlobalSection(NestedProjects) = preSolution
		{3FFDA7A5-5925-4644-9B43-9C118DA6FFE5} = {3E6996FF-807F-4F9D-8C72-932EE398B6A1}
		{67C09F7A-3DD4-4C02-AA3B-6882FB6EA816} = {3E6996FF-807F-4F9D-8C72-932EE398B6A1}
		{428DDB1F-13F8-401C-AA0E-F0B80AF1FC00} = {3E6996FF-807F-4F9D-8C72-932EE398B6A1}
		{6A19318B-8CC5-4BC8-8E80-412180C420A5} = {3E6996FF-807F-4F9D-8C72-932EE398B6A1}
		{A392B2A4-F62E-442C-813E-6B7F4BF63459} = {3FFDA7A5-5925-4644-9B43-9C118DA6FFE5}
		{1ABC9A1A-6026-4803-BAB4-C1190375A531} = {3FFDA7A5-5925-4644-9B43-9C118DA6FFE5}
		{2026D7BF-FB7C-49A8-882F-46122B2A5D7D} = {3FFDA7A5-5925-4644-9B43-9C118DA6FFE5}
		{BF90D749-22FB-49FD-B840-4FF875D12CC6} = {3FFDA7A5-5925-4644-9B43-9C118DA6FFE5}
		{2EDBD258-1A19-4527-9C92-7418191BEE87} = {3FFDA7A5-5925-4644-9B43-9C118DA6FFE5}
		{9850AA24-6847-4611-81DA-6F04F92B3400} = {3E6996FF-807F-4F9D-8C72-932EE398B6A1}
	EndGlobalSection
EndGlobal
